// !$*UTF8*$!
{
	archiveVersion = 1;
	classes = {
	};
	objectVersion = 77;
	objects = {

/* Begin PBXContainerItemProxy section */
		6CD72FBD2F8FECFE00CDF883 /* PBXContainerItemProxy */ = {
			isa = PBXContainerItemProxy;
			containerPortal = 6CD72FA72F8FECFA00CDF883 /* Project object */;
			proxyType = 1;
			remoteGlobalIDString = 6CD72FAE2F8FECFA00CDF883;
			remoteInfo = "Fising-Touch-Game";
		};
		6CD72FC72F8FECFE00CDF883 /* PBXContainerItemProxy */ = {
			isa = PBXContainerItemProxy;
			containerPortal = 6CD72FA72F8FECFA00CDF883 /* Project object */;
			proxyType = 1;
			remoteGlobalIDString = 6CD72FAE2F8FECFA00CDF883;
			remoteInfo = "Fising-Touch-Game";
		};
/* End PBXContainerItemProxy section */

/* Begin PBXFileReference section */
		6CD72FAF2F8FECFA00CDF883 /* Fising-Touch-Game.app */ = {isa = PBXFileReference; explicitFileType = wrapper.application; includeInIndex = 0; path = "Fising-Touch-Game.app"; sourceTree = BUILT_PRODUCTS_DIR; };
		6CD72FBC2F8FECFE00CDF883 /* Fising-Touch-GameTests.xctest */ = {isa = PBXFileReference; explicitFileType = wrapper.cfbundle; includeInIndex = 0; path = "Fising-Touch-GameTests.xctest"; sourceTree = BUILT_PRODUCTS_DIR; };
		6CD72FC62F8FECFE00CDF883 /* Fising-Touch-GameUITests.xctest */ = {isa = PBXFileReference; explicitFileType = wrapper.cfbundle; includeInIndex = 0; path = "Fising-Touch-GameUITests.xctest"; sourceTree = BUILT_PRODUCTS_DIR; };
/* End PBXFileReference section */

/* Begin PBXFileSystemSynchronizedRootGroup section */
		6CD72FB12F8FECFA00CDF883 /* Fising-Touch-Game */ = {
			isa = PBXFileSystemSynchronizedRootGroup;
			path = "Fising-Touch-Game";
			sourceTree = "<group>";
		};
		6CD72FBF2F8FECFE00CDF883 /* Fising-Touch-GameTests */ = {
			isa = PBXFileSystemSynchronizedRootGroup;
			path = "Fising-Touch-GameTests";
			sourceTree = "<group>";
		};
		6CD72FC92F8FECFE00CDF883 /* Fising-Touch-GameUITests */ = {
			isa = PBXFileSystemSynchronizedRootGroup;
			path = "Fising-Touch-GameUITests";
			sourceTree = "<group>";
		};
/* End PBXFileSystemSynchronizedRootGroup section */

/* Begin PBXFrameworksBuildPhase section */
		6CD72FAC2F8FECFA00CDF883 /* Frameworks */ = {
			isa = PBXFrameworksBuildPhase;
			buildActionMask = 2147483647;
			files = (
			);
			runOnlyForDeploymentPostprocessing = 0;
		};
		6CD72FB92F8FECFE00CDF883 /* Frameworks */ = {
			isa = PBXFrameworksBuildPhase;
			buildActionMask = 2147483647;
			files = (
			);
			runOnlyForDeploymentPostprocessing = 0;
		};
		6CD72FC32F8FECFE00CDF883 /* Frameworks */ = {
			isa = PBXFrameworksBuildPhase;
			buildActionMask = 2147483647;
			files = (
			);
			runOnlyForDeploymentPostprocessing = 0;
		};
/* End PBXFrameworksBuildPhase section */

/* Begin PBXGroup section */
		6CD72FA62F8FECFA00CDF883 = {
			isa = PBXGroup;
			children = (
				6CD72FB12F8FECFA00CDF883 /* Fising-Touch-Game */,
				6CD72FBF2F8FECFE00CDF883 /* Fising-Touch-GameTests */,
				6CD72FC92F8FECFE00CDF883 /* Fising-Touch-GameUITests */,
				6CD72FB02F8FECFA00CDF883 /* Products */,
			);
			sourceTree = "<group>";
		};
		6CD72FB02F8FECFA00CDF883 /* Products */ = {
			isa = PBXGroup;
			children = (
				6CD72FAF2F8FECFA00CDF883 /* Fising-Touch-Game.app */,
				6CD72FBC2F8FECFE00CDF883 /* Fising-Touch-GameTests.xctest */,
				6CD72FC62F8FECFE00CDF883 /* Fising-Touch-GameUITests.xctest */,
			);
			name = Products;
			sourceTree = "<group>";
		};
/* End PBXGroup section */

/* Begin PBXNativeTarget section */
		6CD72FAE2F8FECFA00CDF883 /* Fising-Touch-Game */ = {
			isa = PBXNativeTarget;
			buildConfigurationList = 6CD72FD02F8FECFE00CDF883 /* Build configuration list for PBXNativeTarget "Fising-Touch-Game" */;
			buildPhases = (
				6CD72FAB2F8FECFA00CDF883 /* Sources */,
				6CD72FAC2F8FECFA00CDF883 /* Frameworks */,
				6CD72FAD2F8FECFA00CDF883 /* Resources */,
			);
			buildRules = (
			);
			dependencies = (
			);
			fileSystemSynchronizedGroups = (
				6CD72FB12F8FECFA00CDF883 /* Fising-Touch-Game */,
			);
			name = "Fising-Touch-Game";
			packageProductDependencies = (
			);
			productName = "Fising-Touch-Game";
			productReference = 6CD72FAF2F8FECFA00CDF883 /* Fising-Touch-Game.app */;
			productType = "com.apple.product-type.application";
		};
		6CD72FBB2F8FECFE00CDF883 /* Fising-Touch-GameTests */ = {
			isa = PBXNativeTarget;
			buildConfigurationList = 6CD72FD32F8FECFE00CDF883 /* Build configuration list for PBXNativeTarget "Fising-Touch-GameTests" */;
			buildPhases = (
				6CD72FB82F8FECFE00CDF883 /* Sources */,
				6CD72FB92F8FECFE00CDF883 /* Frameworks */,
				6CD72FBA2F8FECFE00CDF883 /* Resources */,
			);
			buildRules = (
			);
			dependencies = (
				6CD72FBE2F8FECFE00CDF883 /* PBXTargetDependency */,
			);
			fileSystemSynchronizedGroups = (
				6CD72FBF2F8FECFE00CDF883 /* Fising-Touch-GameTests */,
			);
			name = "Fising-Touch-GameTests";
			packageProductDependencies = (
			);
			productName = "Fising-Touch-GameTests";
			productReference = 6CD72FBC2F8FECFE00CDF883 /* Fising-Touch-GameTests.xctest */;
			productType = "com.apple.product-type.bundle.unit-test";
		};
		6CD72FC52F8FECFE00CDF883 /* Fising-Touch-GameUITests */ = {
			isa = PBXNativeTarget;
			buildConfigurationList = 6CD72FD62F8FECFE00CDF883 /* Build configuration list for PBXNativeTarget "Fising-Touch-GameUITests" */;
			buildPhases = (
				6CD72FC22F8FECFE00CDF883 /* Sources */,
				6CD72FC32F8FECFE00CDF883 /* Frameworks */,
				6CD72FC42F8FECFE00CDF883 /* Resources */,
			);
			buildRules = (
			);
			dependencies = (
				6CD72FC82F8FECFE00CDF883 /* PBXTargetDependency */,
			);
			fileSystemSynchronizedGroups = (
				6CD72FC92F8FECFE00CDF883 /* Fising-Touch-GameUITests */,
			);
			name = "Fising-Touch-GameUITests";
			packageProductDependencies = (
			);
			productName = "Fising-Touch-GameUITests";
			productReference = 6CD72FC62F8FECFE00CDF883 /* Fising-Touch-GameUITests.xctest */;
			productType = "com.apple.product-type.bundle.ui-testing";
		};
/* End PBXNativeTarget section */

/* Begin PBXProject section */
		6CD72FA72F8FECFA00CDF883 /* Project object */ = {
			isa = PBXProject;
			attributes = {
				BuildIndependentTargetsInParallel = 1;
				LastSwiftUpdateCheck = 2630;
				LastUpgradeCheck = 2630;
				TargetAttributes = {
					6CD72FAE2F8FECFA00CDF883 = {
						CreatedOnToolsVersion = 26.3;
					};
					6CD72FBB2F8FECFE00CDF883 = {
						CreatedOnToolsVersion = 26.3;
						TestTargetID = 6CD72FAE2F8FECFA00CDF883;
					};
					6CD72FC52F8FECFE00CDF883 = {
						CreatedOnToolsVersion = 26.3;
						TestTargetID = 6CD72FAE2F8FECFA00CDF883;
					};
				};
			};
			buildConfigurationList = 6CD72FAA2F8FECFA00CDF883 /* Build configuration list for PBXProject "Fising-Touch-Game" */;
			developmentRegion = en;
			hasScannedForEncodings = 0;
			knownRegions = (
				en,
				Base,
			);
			mainGroup = 6CD72FA62F8FECFA00CDF883;
			minimizedProjectReferenceProxies = 1;
			preferredProjectObjectVersion = 77;
			productRefGroup = 6CD72FB02F8FECFA00CDF883 /* Products */;
			projectDirPath = "";
			projectRoot = "";
			targets = (
				6CD72FAE2F8FECFA00CDF883 /* Fising-Touch-Game */,
				6CD72FBB2F8FECFE00CDF883 /* Fising-Touch-GameTests */,
				6CD72FC52F8FECFE00CDF883 /* Fising-Touch-GameUITests */,
			);
		};
/* End PBXProject section */

/* Begin PBXResourcesBuildPhase section */
		6CD72FAD2F8FECFA00CDF883 /* Resources */ = {
			isa = PBXResourcesBuildPhase;
			buildActionMask = 2147483647;
			files = (
			);
			runOnlyForDeploymentPostprocessing = 0;
		};
		6CD72FBA2F8FECFE00CDF883 /* Resources */ = {
			isa = PBXResourcesBuildPhase;
			buildActionMask = 2147483647;
			files = (
			);
			runOnlyForDeploymentPostprocessing = 0;
		};
		6CD72FC42F8FECFE00CDF883 /* Resources */ = {
			isa = PBXResourcesBuildPhase;
			buildActionMask = 2147483647;
			files = (
			);
			runOnlyForDeploymentPostprocessing = 0;
		};
/* End PBXResourcesBuildPhase section */

/* Begin PBXSourcesBuildPhase section */
		6CD72FAB2F8FECFA00CDF883 /* Sources */ = {
			isa = PBXSourcesBuildPhase;
			buildActionMask = 2147483647;
			files = (
			);
			runOnlyForDeploymentPostprocessing = 0;
		};
		6CD72FB82F8FECFE00CDF883 /* Sources */ = {
			isa = PBXSourcesBuildPhase;
			buildActionMask = 2147483647;
			files = (
			);
			runOnlyForDeploymentPostprocessing = 0;
		};
		6CD72FC22F8FECFE00CDF883 /* Sources */ = {
			isa = PBXSourcesBuildPhase;
			buildActionMask = 2147483647;
			files = (
			);
			runOnlyForDeploymentPostprocessing = 0;
		};
/* End PBXSourcesBuildPhase section */

/* Begin PBXTargetDependency section */
		6CD72FBE2F8FECFE00CDF883 /* PBXTargetDependency */ = {
			isa = PBXTargetDependency;
			target = 6CD72FAE2F8FECFA00CDF883 /* Fising-Touch-Game */;
			targetProxy = 6CD72FBD2F8FECFE00CDF883 /* PBXContainerItemProxy */;
		};
		6CD72FC82F8FECFE00CDF883 /* PBXTargetDependency */ = {
			isa = PBXTargetDependency;
			target = 6CD72FAE2F8FECFA00CDF883 /* Fising-Touch-Game */;
			targetProxy = 6CD72FC72F8FECFE00CDF883 /* PBXContainerItemProxy */;
		};
/* End PBXTargetDependency section */

/* Begin XCBuildConfiguration section */
		6CD72FCE2F8FECFE00CDF883 /* Debug */ = {
			isa = XCBuildConfiguration;
			buildSettings = {
				ALWAYS_SEARCH_USER_PATHS = NO;
				ASSETCATALOG_COMPILER_GENERATE_SWIFT_ASSET_SYMBOL_EXTENSIONS = YES;
				CLANG_ANALYZER_NONNULL = YES;
				CLANG_ANALYZER_NUMBER_OBJECT_CONVERSION = YES_AGGRESSIVE;
				CLANG_CXX_LANGUAGE_STANDARD = "gnu++20";
				CLANG_ENABLE_MODULES = YES;
				CLANG_ENABLE_OBJC_ARC = YES;
				CLANG_ENABLE_OBJC_WEAK = YES;
				CLANG_WARN_BLOCK_CAPTURE_AUTORELEASING = YES;
				CLANG_WARN_BOOL_CONVERSION = YES;
				CLANG_WARN_COMMA = YES;
				CLANG_WARN_CONSTANT_CONVERSION = YES;
				CLANG_WARN_DEPRECATED_OBJC_IMPLEMENTATIONS = YES;
				CLANG_WARN_DIRECT_OBJC_ISA_USAGE = YES_ERROR;
				CLANG_WARN_DOCUMENTATION_COMMENTS = YES;
				CLANG_WARN_EMPTY_BODY = YES;
				CLANG_WARN_ENUM_CONVERSION = YES;
				CLANG_WARN_INFINITE_RECURSION = YES;
				CLANG_WARN_INT_CONVERSION = YES;
				CLANG_WARN_NON_LITERAL_NULL_CONVERSION = YES;
				CLANG_WARN_OBJC_IMPLICIT_RETAIN_SELF = YES;
				CLANG_WARN_OBJC_LITERAL_CONVERSION = YES;
				CLANG_WARN_OBJC_ROOT_CLASS = YES_ERROR;
				CLANG_WARN_QUOTED_INCLUDE_IN_FRAMEWORK_HEADER = YES;
				CLANG_WARN_RANGE_LOOP_ANALYSIS = YES;
				CLANG_WARN_STRICT_PROTOTYPES = YES;
				CLANG_WARN_SUSPICIOUS_MOVE = YES;
				CLANG_WARN_UNGUARDED_AVAILABILITY = YES_AGGRESSIVE;
				CLANG_WARN_UNREACHABLE_CODE = YES;
				CLANG_WARN__DUPLICATE_METHOD_MATCH = YES;
				COPY_PHASE_STRIP = NO;
				DEBUG_INFORMATION_FORMAT = dwarf;
				DEVELOPMENT_TEAM = 93WV698C8R;
				ENABLE_STRICT_OBJC_MSGSEND = YES;
				ENABLE_TESTABILITY = YES;
				ENABLE_USER_SCRIPT_SANDBOXING = YES;
				GCC_C_LANGUAGE_STANDARD = gnu17;
				GCC_DYNAMIC_NO_PIC = NO;
				GCC_NO_COMMON_BLOCKS = YES;
				GCC_OPTIMIZATION_LEVEL = 0;
				GCC_PREPROCESSOR_DEFINITIONS = (
					"DEBUG=1",
					"$(inherited)",
				);
				GCC_WARN_64_TO_32_BIT_CONVERSION = YES;
				GCC_WARN_ABOUT_RETURN_TYPE = YES_ERROR;
				GCC_WARN_UNDECLARED_SELECTOR = YES;
				GCC_WARN_UNINITIALIZED_AUTOS = YES_AGGRESSIVE;
				GCC_WARN_UNUSED_FUNCTION = YES;
				GCC_WARN_UNUSED_VARIABLE = YES;
				IPHONEOS_DEPLOYMENT_TARGET = 26.2;
				LOCALIZATION_PREFERS_STRING_CATALOGS = YES;
				MTL_ENABLE_DEBUG_INFO = INCLUDE_SOURCE;
				MTL_FAST_MATH = YES;
				ONLY_ACTIVE_ARCH = YES;
				SDKROOT = iphoneos;
				SWIFT_ACTIVE_COMPILATION_CONDITIONS = "DEBUG $(inherited)";
				SWIFT_OPTIMIZATION_LEVEL = "-Onone";
			};
			name = Debug;
		};
		6CD72FCF2F8FECFE00CDF883 /* Release */ = {
			isa = XCBuildConfiguration;
			buildSettings = {
				ALWAYS_SEARCH_USER_PATHS = NO;
				ASSETCATALOG_COMPILER_GENERATE_SWIFT_ASSET_SYMBOL_EXTENSIONS = YES;
				CLANG_ANALYZER_NONNULL = YES;
				CLANG_ANALYZER_NUMBER_OBJECT_CONVERSION = YES_AGGRESSIVE;
				CLANG_CXX_LANGUAGE_STANDARD = "gnu++20";
				CLANG_ENABLE_MODULES = YES;
				CLANG_ENABLE_OBJC_ARC = YES;
				CLANG_ENABLE_OBJC_WEAK = YES;
				CLANG_WARN_BLOCK_CAPTURE_AUTORELEASING = YES;
				CLANG_WARN_BOOL_CONVERSION = YES;
				CLANG_WARN_COMMA = YES;
				CLANG_WARN_CONSTANT_CONVERSION = YES;
				CLANG_WARN_DEPRECATED_OBJC_IMPLEMENTATIONS = YES;
				CLANG_WARN_DIRECT_OBJC_ISA_USAGE = YES_ERROR;
				CLANG_WARN_DOCUMENTATION_COMMENTS = YES;
				CLANG_WARN_EMPTY_BODY = YES;
				CLANG_WARN_ENUM_CONVERSION = YES;
				CLANG_WARN_INFINITE_RECURSION = YES;
				CLANG_WARN_INT_CONVERSION = YES;
				CLANG_WARN_NON_LITERAL_NULL_CONVERSION = YES;
				CLANG_WARN_OBJC_IMPLICIT_RETAIN_SELF = YES;
				CLANG_WARN_OBJC_LITERAL_CONVERSION = YES;
				CLANG_WARN_OBJC_ROOT_CLASS = YES_ERROR;
				CLANG_WARN_QUOTED_INCLUDE_IN_FRAMEWORK_HEADER = YES;
				CLANG_WARN_RANGE_LOOP_ANALYSIS = YES;
				CLANG_WARN_STRICT_PROTOTYPES = YES;
				CLANG_WARN_SUSPICIOUS_MOVE = YES;
				CLANG_WARN_UNGUARDED_AVAILABILITY = YES_AGGRESSIVE;
				CLANG_WARN_UNREACHABLE_CODE = YES;
				CLANG_WARN__DUPLICATE_METHOD_MATCH = YES;
				COPY_PHASE_STRIP = NO;
				DEBUG_INFORMATION_FORMAT = "dwarf-with-dsym";
				DEVELOPMENT_TEAM = 93WV698C8R;
				ENABLE_NS_ASSERTIONS = NO;
				ENABLE_STRICT_OBJC_MSGSEND = YES;
				ENABLE_USER_SCRIPT_SANDBOXING = YES;
				GCC_C_LANGUAGE_STANDARD = gnu17;
				GCC_NO_COMMON_BLOCKS = YES;
				GCC_WARN_64_TO_32_BIT_CONVERSION = YES;
				GCC_WARN_ABOUT_RETURN_TYPE = YES_ERROR;
				GCC_WARN_UNDECLARED_SELECTOR = YES;
				GCC_WARN_UNINITIALIZED_AUTOS = YES_AGGRESSIVE;
				GCC_WARN_UNUSED_FUNCTION = YES;
				GCC_WARN_UNUSED_VARIABLE = YES;
				IPHONEOS_DEPLOYMENT_TARGET = 26.2;
				LOCALIZATION_PREFERS_STRING_CATALOGS = YES;
				MTL_ENABLE_DEBUG_INFO = NO;
				MTL_FAST_MATH = YES;
				SDKROOT = iphoneos;
				SWIFT_COMPILATION_MODE = wholemodule;
				VALIDATE_PRODUCT = YES;
			};
			name = Release;
		};
		6CD72FD12F8FECFE00CDF883 /* Debug */ = {
			isa = XCBuildConfiguration;
			buildSettings = {
				ASSETCATALOG_COMPILER_APPICON_NAME = AppIcon;
				ASSETCATALOG_COMPILER_GLOBAL_ACCENT_COLOR_NAME = AccentColor;
				CODE_SIGN_STYLE = Automatic;
				CURRENT_PROJECT_VERSION = 1;
				DEVELOPMENT_TEAM = 93WV698C8R;
				ENABLE_PREVIEWS = YES;
				GENERATE_INFOPLIST_FILE = YES;
				INFOPLIST_KEY_CFBundleDisplayName = "Touch Fishing";
				INFOPLIST_KEY_LSApplicationCategoryType = "public.app-category.simulation-games";
				INFOPLIST_KEY_UIApplicationSceneManifest_Generation = YES;
				INFOPLIST_KEY_UIApplicationSupportsIndirectInputEvents = YES;
				INFOPLIST_KEY_UILaunchScreen_Generation = YES;
				INFOPLIST_KEY_UISupportedInterfaceOrientations = UIInterfaceOrientationPortrait;
				INFOPLIST_KEY_UISupportedInterfaceOrientations_iPad = "UIInterfaceOrientationLandscapeLeft UIInterfaceOrientationLandscapeRight UIInterfaceOrientationPortrait UIInterfaceOrientationPortraitUpsideDown";
				IPHONEOS_DEPLOYMENT_TARGET = 17.0;
				LD_RUNPATH_SEARCH_PATHS = (
					"$(inherited)",
					"@executable_path/Frameworks",
				);
				MARKETING_VERSION = 1.0;
				PRODUCT_BUNDLE_IDENTIFIER = "com.kyosuke.Noguchi.Fising-Touch-Game";
				PRODUCT_NAME = "$(TARGET_NAME)";
				STRING_CATALOG_GENERATE_SYMBOLS = YES;
				SWIFT_APPROACHABLE_CONCURRENCY = YES;
				SWIFT_DEFAULT_ACTOR_ISOLATION = MainActor;
				SWIFT_EMIT_LOC_STRINGS = YES;
				SWIFT_UPCOMING_FEATURE_MEMBER_IMPORT_VISIBILITY = YES;
				SWIFT_VERSION = 5.0;
				TARGETED_DEVICE_FAMILY = "1,2";
			};
			name = Debug;
		};
		6CD72FD22F8FECFE00CDF883 /* Release */ = {
			isa = XCBuildConfiguration;
			buildSettings = {
				ASSETCATALOG_COMPILER_APPICON_NAME = AppIcon;
				ASSETCATALOG_COMPILER_GLOBAL_ACCENT_COLOR_NAME = AccentColor;
				CODE_SIGN_STYLE = Automatic;
				CURRENT_PROJECT_VERSION = 1;
				DEVELOPMENT_TEAM = 93WV698C8R;
				ENABLE_PREVIEWS = YES;
				GENERATE_INFOPLIST_FILE = YES;
				INFOPLIST_KEY_CFBundleDisplayName = "Touch Fishing";
				INFOPLIST_KEY_LSApplicationCategoryType = "public.app-category.simulation-games";
				INFOPLIST_KEY_UIApplicationSceneManifest_Generation = YES;
				INFOPLIST_KEY_UIApplicationSupportsIndirectInputEvents = YES;
				INFOPLIST_KEY_UILaunchScreen_Generation = YES;
				INFOPLIST_KEY_UISupportedInterfaceOrientations = UIInterfaceOrientationPortrait;
				INFOPLIST_KEY_UISupportedInterfaceOrientations_iPad = "UIInterfaceOrientationLandscapeLeft UIInterfaceOrientationLandscapeRight UIInterfaceOrientationPortrait UIInterfaceOrientationPortraitUpsideDown";
				IPHONEOS_DEPLOYMENT_TARGET = 17.0;
				LD_RUNPATH_SEARCH_PATHS = (
					"$(inherited)",
					"@executable_path/Frameworks",
				);
				MARKETING_VERSION = 1.0;
				PRODUCT_BUNDLE_IDENTIFIER = "com.kyosuke.Noguchi.Fising-Touch-Game";
				PRODUCT_NAME = "$(TARGET_NAME)";
				STRING_CATALOG_GENERATE_SYMBOLS = YES;
				SWIFT_APPROACHABLE_CONCURRENCY = YES;
				SWIFT_DEFAULT_ACTOR_ISOLATION = MainActor;
				SWIFT_EMIT_LOC_STRINGS = YES;
				SWIFT_UPCOMING_FEATURE_MEMBER_IMPORT_VISIBILITY = YES;
				SWIFT_VERSION = 5.0;
				TARGETED_DEVICE_FAMILY = "1,2";
			};
			name = Release;
		};
		6CD72FD42F8FECFE00CDF883 /* Debug */ = {
			isa = XCBuildConfiguration;
			buildSettings = {
				BUNDLE_LOADER = "$(TEST_HOST)";
				CODE_SIGN_STYLE = Automatic;
				CURRENT_PROJECT_VERSION = 1;
				DEVELOPMENT_TEAM = 93WV698C8R;
				GENERATE_INFOPLIST_FILE = YES;
				IPHONEOS_DEPLOYMENT_TARGET = 26.2;
				MARKETING_VERSION = 1.0;
				PRODUCT_BUNDLE_IDENTIFIER = "com.kyosuke.My.Nyet.Swit.Fising-Touch-GameTests";
				PRODUCT_NAME = "$(TARGET_NAME)";
				STRING_CATALOG_GENERATE_SYMBOLS = NO;
				SWIFT_APPROACHABLE_CONCURRENCY = YES;
				SWIFT_EMIT_LOC_STRINGS = NO;
				SWIFT_UPCOMING_FEATURE_MEMBER_IMPORT_VISIBILITY = YES;
				SWIFT_VERSION = 5.0;
				TARGETED_DEVICE_FAMILY = "1,2";
				TEST_HOST = "$(BUILT_PRODUCTS_DIR)/Fising-Touch-Game.app/$(BUNDLE_EXECUTABLE_FOLDER_PATH)/Fising-Touch-Game";
			};
			name = Debug;
		};
		6CD72FD52F8FECFE00CDF883 /* Release */ = {
			isa = XCBuildConfiguration;
			buildSettings = {
				BUNDLE_LOADER = "$(TEST_HOST)";
				CODE_SIGN_STYLE = Automatic;
				CURRENT_PROJECT_VERSION = 1;
				DEVELOPMENT_TEAM = 93WV698C8R;
				GENERATE_INFOPLIST_FILE = YES;
				IPHONEOS_DEPLOYMENT_TARGET = 26.2;
				MARKETING_VERSION = 1.0;
				PRODUCT_BUNDLE_IDENTIFIER = "com.kyosuke.My.Nyet.Swit.Fising-Touch-GameTests";
				PRODUCT_NAME = "$(TARGET_NAME)";
				STRING_CATALOG_GENERATE_SYMBOLS = NO;
				SWIFT_APPROACHABLE_CONCURRENCY = YES;
				SWIFT_EMIT_LOC_STRINGS = NO;
				SWIFT_UPCOMING_FEATURE_MEMBER_IMPORT_VISIBILITY = YES;
				SWIFT_VERSION = 5.0;
				TARGETED_DEVICE_FAMILY = "1,2";
				TEST_HOST = "$(BUILT_PRODUCTS_DIR)/Fising-Touch-Game.app/$(BUNDLE_EXECUTABLE_FOLDER_PATH)/Fising-Touch-Game";
			};
			name = Release;
		};
		6CD72FD72F8FECFE00CDF883 /* Debug */ = {
			isa = XCBuildConfiguration;
			buildSettings = {
				CODE_SIGN_STYLE = Automatic;
				CURRENT_PROJECT_VERSION = 1;
				DEVELOPMENT_TEAM = 93WV698C8R;
				GENERATE_INFOPLIST_FILE = YES;
				MARKETING_VERSION = 1.0;
				PRODUCT_BUNDLE_IDENTIFIER = "com.kyosuke.My.Nyet.Swit.Fising-Touch-GameUITests";
				PRODUCT_NAME = "$(TARGET_NAME)";
				STRING_CATALOG_GENERATE_SYMBOLS = NO;
				SWIFT_APPROACHABLE_CONCURRENCY = YES;
				SWIFT_EMIT_LOC_STRINGS = NO;
				SWIFT_UPCOMING_FEATURE_MEMBER_IMPORT_VISIBILITY = YES;
				SWIFT_VERSION = 5.0;
				TARGETED_DEVICE_FAMILY = "1,2";
				TEST_TARGET_NAME = "Fising-Touch-Game";
			};
			name = Debug;
		};
		6CD72FD82F8FECFE00CDF883 /* Release */ = {
			isa = XCBuildConfiguration;
			buildSettings = {
				CODE_SIGN_STYLE = Automatic;
				CURRENT_PROJECT_VERSION = 1;
				DEVELOPMENT_TEAM = 93WV698C8R;
				GENERATE_INFOPLIST_FILE = YES;
				MARKETING_VERSION = 1.0;
				PRODUCT_BUNDLE_IDENTIFIER = "com.kyosuke.My.Nyet.Swit.Fising-Touch-GameUITests";
				PRODUCT_NAME = "$(TARGET_NAME)";
				STRING_CATALOG_GENERATE_SYMBOLS = NO;
				SWIFT_APPROACHABLE_CONCURRENCY = YES;
				SWIFT_EMIT_LOC_STRINGS = NO;
				SWIFT_UPCOMING_FEATURE_MEMBER_IMPORT_VISIBILITY = YES;
				SWIFT_VERSION = 5.0;
				TARGETED_DEVICE_FAMILY = "1,2";
				TEST_TARGET_NAME = "Fising-Touch-Game";
			};
			name = Release;
		};
/* End XCBuildConfiguration section */

/* Begin XCConfigurationList section */
		6CD72FAA2F8FECFA00CDF883 /* Build configuration list for PBXProject "Fising-Touch-Game" */ = {
			isa = XCConfigurationList;
			buildConfigurations = (
				6CD72FCE2F8FECFE00CDF883 /* Debug */,
				6CD72FCF2F8FECFE00CDF883 /* Release */,
			);
			defaultConfigurationIsVisible = 0;
			defaultConfigurationName = Release;
		};
		6CD72FD02F8FECFE00CDF883 /* Build configuration list for PBXNativeTarget "Fising-Touch-Game" */ = {
			isa = XCConfigurationList;
			buildConfigurations = (
				6CD72FD12F8FECFE00CDF883 /* Debug */,
				6CD72FD22F8FECFE00CDF883 /* Release */,
			);
			defaultConfigurationIsVisible = 0;
			defaultConfigurationName = Release;
		};
		6CD72FD32F8FECFE00CDF883 /* Build configuration list for PBXNativeTarget "Fising-Touch-GameTests" */ = {
			isa = XCConfigurationList;
			buildConfigurations = (
				6CD72FD42F8FECFE00CDF883 /* Debug */,
				6CD72FD52F8FECFE00CDF883 /* Release */,
			);
			defaultConfigurationIsVisible = 0;
			defaultConfigurationName = Release;
		};
		6CD72FD62F8FECFE00CDF883 /* Build configuration list for PBXNativeTarget "Fising-Touch-GameUITests" */ = {
			isa = XCConfigurationList;
			buildConfigurations = (
				6CD72FD72F8FECFE00CDF883 /* Debug */,
				6CD72FD82F8FECFE00CDF883 /* Release */,
			);
			defaultConfigurationIsVisible = 0;
			defaultConfigurationName = Release;
		};
/* End XCConfigurationList section */
	};
	rootObject = 6CD72FA72F8FECFA00CDF883 /* Project object */;
}
